
Microsoft Visual Studio Solution File, Format Version 12.00
# Visual Studio Version 17
VisualStudioVersion = 17.3.32929.385
MinimumVisualStudioVersion = 10.0.40219.1
Project("{FAE04EC0-301F-11D3-BF4B-00C04F79EFBC}") = "taskno3", "taskno3\taskno3.csproj", "{0B099D39-BD3B-46C9-9D1C-CD37FE9C2B61}"
EndProject
Global
	GlobalSection(SolutionConfigurationPlatforms) = preSolution
		Debug|Any CPU = Debug|Any CPU
		Release|Any CPU = Release|Any CPU
	EndGlobalSection
	GlobalSection(ProjectConfigurationPlatforms) = postSolution
		{0B099D39-BD3B-46C9-9D1C-CD37FE9C2B61}.Debug|Any CPU.ActiveCfg = Debug|Any CPU
		{0B099D39-BD3B-46C9-9D1C-CD37FE9C2B61}.Debug|Any CPU.Build.0 = Debug|Any CPU
		{0B099D39-BD3B-46C9-9D1C-CD37FE9C2B61}.Release|Any CPU.ActiveCfg = Release|Any CPU
		{0B099D39-BD3B-46C9-9D1C-CD37FE9C2B61}.Release|Any CPU.Build.0 = Release|Any CPU
	EndGlobalSection
	GlobalSection(SolutionProperties) = preSolution
		HideSolutionNode = FALSE
	EndGlobalSection
	GlobalSection(ExtensibilityGlobals) = postSolution
		SolutionGuid = {87C6B4FA-0131-4B12-90E2-CEAF58663065}
	EndGlobalSection
EndGlobal
