
Microsoft Visual Studio Solution File, Format Version 12.00
# Visual Studio Version 17
VisualStudioVersion = 17.3.32929.385
MinimumVisualStudioVersion = 10.0.40219.1
Project("{FAE04EC0-301F-11D3-BF4B-00C04F79EFBC}") = "taskno1", "taskno1\taskno1.csproj", "{DA7A2848-2D11-490E-A75B-1D009EC9F4FE}"
EndProject
Global
	GlobalSection(SolutionConfigurationPlatforms) = preSolution
		Debug|Any CPU = Debug|Any CPU
		Release|Any CPU = Release|Any CPU
	EndGlobalSection
	GlobalSection(ProjectConfigurationPlatforms) = postSolution
		{DA7A2848-2D11-490E-A75B-1D009EC9F4FE}.Debug|Any CPU.ActiveCfg = Debug|Any CPU
		{DA7A2848-2D11-490E-A75B-1D009EC9F4FE}.Debug|Any CPU.Build.0 = Debug|Any CPU
		{DA7A2848-2D11-490E-A75B-1D009EC9F4FE}.Release|Any CPU.ActiveCfg = Release|Any CPU
		{DA7A2848-2D11-490E-A75B-1D009EC9F4FE}.Release|Any CPU.Build.0 = Release|Any CPU
	EndGlobalSection
	GlobalSection(SolutionProperties) = preSolution
		HideSolutionNode = FALSE
	EndGlobalSection
	GlobalSection(ExtensibilityGlobals) = postSolution
		SolutionGuid = {4F4D12A7-8A99-4E3B-B2B7-1555EA3359DE}
	EndGlobalSection
EndGlobal
